
Microsoft Visual Studio Solution File, Format Version 12.00
# Visual Studio Version 17
VisualStudioVersion = 17.0.31903.59
MinimumVisualStudioVersion = 10.0.40219.1
Project("{FAE04EC0-301F-11D3-BF4B-00C04F79EFBC}") = "ReValidation.Common", "ReValidation.Common\ReValidation.Common.csproj", "{C92AA49B-3EFC-411F-AB24-7A50A8408B51}"
EndProject
Project("{FAE04EC0-301F-11D3-BF4B-00C04F79EFBC}") = "ReValidation.LocalClientStructs", "ReValidation.LocalClientStructs\ReValidation.LocalClientStructs.csproj", "{046DA0D5-A7DE-4F0E-AACB-3AD68AC339E0}"
EndProject
Project("{FAE04EC0-301F-11D3-BF4B-00C04F79EFBC}") = "ReValidation.OwnerSignatures", "ReValidation.OwnerSignatures\ReValidation.OwnerSignatures.csproj", "{B52CEB7B-18D2-4568-8861-577435C97F1D}"
EndProject
Project("{FAE04EC0-301F-11D3-BF4B-00C04F79EFBC}") = "ReValidation.DynamisBridge", "ReValidation.DynamisBridge\ReValidation.DynamisBridge.csproj", "{DC0EE6D2-5A5D-4B24-8A9A-C088B0BBA77A}"
EndProject
Project("{2150E333-8FDC-42A3-9474-1A3956D46DE8}") = "tests", "tests", "{0AB3BF05-4346-4AA6-1389-037BE0695223}"
EndProject
Project("{FAE04EC0-301F-11D3-BF4B-00C04F79EFBC}") = "ReValidation.Tests", "tests\ReValidation.Tests\ReValidation.Tests.csproj", "{BBCB0961-C439-4887-B735-1B17F19685FD}"
EndProject
Global
	GlobalSection(SolutionConfigurationPlatforms) = preSolution
		Debug|Any CPU = Debug|Any CPU
		Debug|x64 = Debug|x64
		Debug|x86 = Debug|x86
		Release|Any CPU = Release|Any CPU
		Release|x64 = Release|x64
		Release|x86 = Release|x86
	EndGlobalSection
	GlobalSection(ProjectConfigurationPlatforms) = postSolution
		{C92AA49B-3EFC-411F-AB24-7A50A8408B51}.Debug|Any CPU.ActiveCfg = Debug|Any CPU
		{C92AA49B-3EFC-411F-AB24-7A50A8408B51}.Debug|Any CPU.Build.0 = Debug|Any CPU
		{C92AA49B-3EFC-411F-AB24-7A50A8408B51}.Debug|x64.ActiveCfg = Debug|Any CPU
		{C92AA49B-3EFC-411F-AB24-7A50A8408B51}.Debug|x64.Build.0 = Debug|Any CPU
		{C92AA49B-3EFC-411F-AB24-7A50A8408B51}.Debug|x86.ActiveCfg = Debug|Any CPU
		{C92AA49B-3EFC-411F-AB24-7A50A8408B51}.Debug|x86.Build.0 = Debug|Any CPU
		{C92AA49B-3EFC-411F-AB24-7A50A8408B51}.Release|Any CPU.ActiveCfg = Release|Any CPU
		{C92AA49B-3EFC-411F-AB24-7A50A8408B51}.Release|Any CPU.Build.0 = Release|Any CPU
		{C92AA49B-3EFC-411F-AB24-7A50A8408B51}.Release|x64.ActiveCfg = Release|Any CPU
		{C92AA49B-3EFC-411F-AB24-7A50A8408B51}.Release|x64.Build.0 = Release|Any CPU
		{C92AA49B-3EFC-411F-AB24-7A50A8408B51}.Release|x86.ActiveCfg = Release|Any CPU
		{C92AA49B-3EFC-411F-AB24-7A50A8408B51}.Release|x86.Build.0 = Release|Any CPU
		{046DA0D5-A7DE-4F0E-AACB-3AD68AC339E0}.Debug|Any CPU.ActiveCfg = Debug|Any CPU
		{046DA0D5-A7DE-4F0E-AACB-3AD68AC339E0}.Debug|Any CPU.Build.0 = Debug|Any CPU
		{046DA0D5-A7DE-4F0E-AACB-3AD68AC339E0}.Debug|x64.ActiveCfg = Debug|Any CPU
		{046DA0D5-A7DE-4F0E-AACB-3AD68AC339E0}.Debug|x64.Build.0 = Debug|Any CPU
		{046DA0D5-A7DE-4F0E-AACB-3AD68AC339E0}.Debug|x86.ActiveCfg = Debug|Any CPU
		{046DA0D5-A7DE-4F0E-AACB-3AD68AC339E0}.Debug|x86.Build.0 = Debug|Any CPU
		{046DA0D5-A7DE-4F0E-AACB-3AD68AC339E0}.Release|Any CPU.ActiveCfg = Release|Any CPU
		{046DA0D5-A7DE-4F0E-AACB-3AD68AC339E0}.Release|Any CPU.Build.0 = Release|Any CPU
		{046DA0D5-A7DE-4F0E-AACB-3AD68AC339E0}.Release|x64.ActiveCfg = Release|Any CPU
		{046DA0D5-A7DE-4F0E-AACB-3AD68AC339E0}.Release|x64.Build.0 = Release|Any CPU
		{046DA0D5-A7DE-4F0E-AACB-3AD68AC339E0}.Release|x86.ActiveCfg = Release|Any CPU
		{046DA0D5-A7DE-4F0E-AACB-3AD68AC339E0}.Release|x86.Build.0 = Release|Any CPU
		{B52CEB7B-18D2-4568-8861-577435C97F1D}.Debug|Any CPU.ActiveCfg = Debug|Any CPU
		{B52CEB7B-18D2-4568-8861-577435C97F1D}.Debug|Any CPU.Build.0 = Debug|Any CPU
		{B52CEB7B-18D2-4568-8861-577435C97F1D}.Debug|x64.ActiveCfg = Debug|Any CPU
		{B52CEB7B-18D2-4568-8861-577435C97F1D}.Debug|x64.Build.0 = Debug|Any CPU
		{B52CEB7B-18D2-4568-8861-577435C97F1D}.Debug|x86.ActiveCfg = Debug|Any CPU
		{B52CEB7B-18D2-4568-8861-577435C97F1D}.Debug|x86.Build.0 = Debug|Any CPU
		{B52CEB7B-18D2-4568-8861-577435C97F1D}.Release|Any CPU.ActiveCfg = Release|Any CPU
		{B52CEB7B-18D2-4568-8861-577435C97F1D}.Release|Any CPU.Build.0 = Release|Any CPU
		{B52CEB7B-18D2-4568-8861-577435C97F1D}.Release|x64.ActiveCfg = Release|Any CPU
		{B52CEB7B-18D2-4568-8861-577435C97F1D}.Release|x64.Build.0 = Release|Any CPU
		{B52CEB7B-18D2-4568-8861-577435C97F1D}.Release|x86.ActiveCfg = Release|Any CPU
		{B52CEB7B-18D2-4568-8861-577435C97F1D}.Release|x86.Build.0 = Release|Any CPU
		{DC0EE6D2-5A5D-4B24-8A9A-C088B0BBA77A}.Debug|Any CPU.ActiveCfg = Debug|Any CPU
		{DC0EE6D2-5A5D-4B24-8A9A-C088B0BBA77A}.Debug|Any CPU.Build.0 = Debug|Any CPU
		{DC0EE6D2-5A5D-4B24-8A9A-C088B0BBA77A}.Debug|x64.ActiveCfg = Debug|Any CPU
		{DC0EE6D2-5A5D-4B24-8A9A-C088B0BBA77A}.Debug|x64.Build.0 = Debug|Any CPU
		{DC0EE6D2-5A5D-4B24-8A9A-C088B0BBA77A}.Debug|x86.ActiveCfg = Debug|Any CPU
		{DC0EE6D2-5A5D-4B24-8A9A-C088B0BBA77A}.Debug|x86.Build.0 = Debug|Any CPU
		{DC0EE6D2-5A5D-4B24-8A9A-C088B0BBA77A}.Release|Any CPU.ActiveCfg = Release|Any CPU
		{DC0EE6D2-5A5D-4B24-8A9A-C088B0BBA77A}.Release|Any CPU.Build.0 = Release|Any CPU
		{DC0EE6D2-5A5D-4B24-8A9A-C088B0BBA77A}.Release|x64.ActiveCfg = Release|Any CPU
		{DC0EE6D2-5A5D-4B24-8A9A-C088B0BBA77A}.Release|x64.Build.0 = Release|Any CPU
		{DC0EE6D2-5A5D-4B24-8A9A-C088B0BBA77A}.Release|x86.ActiveCfg = Release|Any CPU
		{DC0EE6D2-5A5D-4B24-8A9A-C088B0BBA77A}.Release|x86.Build.0 = Release|Any CPU
		{BBCB0961-C439-4887-B735-1B17F19685FD}.Debug|Any CPU.ActiveCfg = Debug|Any CPU
		{BBCB0961-C439-4887-B735-1B17F19685FD}.Debug|Any CPU.Build.0 = Debug|Any CPU
		{BBCB0961-C439-4887-B735-1B17F19685FD}.Debug|x64.ActiveCfg = Debug|Any CPU
		{BBCB0961-C439-4887-B735-1B17F19685FD}.Debug|x64.Build.0 = Debug|Any CPU
		{BBCB0961-C439-4887-B735-1B17F19685FD}.Debug|x86.ActiveCfg = Debug|Any CPU
		{BBCB0961-C439-4887-B735-1B17F19685FD}.Debug|x86.Build.0 = Debug|Any CPU
		{BBCB0961-C439-4887-B735-1B17F19685FD}.Release|Any CPU.ActiveCfg = Release|Any CPU
		{BBCB0961-C439-4887-B735-1B17F19685FD}.Release|Any CPU.Build.0 = Release|Any CPU
		{BBCB0961-C439-4887-B735-1B17F19685FD}.Release|x64.ActiveCfg = Release|Any CPU
		{BBCB0961-C439-4887-B735-1B17F19685FD}.Release|x64.Build.0 = Release|Any CPU
		{BBCB0961-C439-4887-B735-1B17F19685FD}.Release|x86.ActiveCfg = Release|Any CPU
		{BBCB0961-C439-4887-B735-1B17F19685FD}.Release|x86.Build.0 = Release|Any CPU
	EndGlobalSection
	GlobalSection(SolutionProperties) = preSolution
		HideSolutionNode = FALSE
	EndGlobalSection
	GlobalSection(NestedProjects) = preSolution
		{BBCB0961-C439-4887-B735-1B17F19685FD} = {0AB3BF05-4346-4AA6-1389-037BE0695223}
	EndGlobalSection
EndGlobal
